// !$*UTF8*$!
{
	archiveVersion = 1;
	classes = {
	};
	objectVersion = 56;
	objects = {

/* Begin PBXBuildFile section */
		88289EC22B78D7DF0093A465 /* AppDelegate.swift in Sources */ = {isa = PBXBuildFile; fileRef = 88289EC12B78D7DF0093A465 /* AppDelegate.swift */; };
		88289EC42B78D7DF0093A465 /* SceneDelegate.swift in Sources */ = {isa = PBXBuildFile; fileRef = 88289EC32B78D7DF0093A465 /* SceneDelegate.swift */; };
		88289EC92B78D7E00093A465 /* Main.storyboard in Resources */ = {isa = PBXBuildFile; fileRef = 88289EC72B78D7E00093A465 /* Main.storyboard */; };
		88289ECB2B78D7E10093A465 /* Assets.xcassets in Resources */ = {isa = PBXBuildFile; fileRef = 88289ECA2B78D7E10093A465 /* Assets.xcassets */; };
		88289ECE2B78D7E10093A465 /* LaunchScreen.storyboard in Resources */ = {isa = PBXBuildFile; fileRef = 88289ECC2B78D7E10093A465 /* LaunchScreen.storyboard */; };
		88289ED92B78D7E10093A465 /* Fake_E_StoreTests.swift in Sources */ = {isa = PBXBuildFile; fileRef = 88289ED82B78D7E10093A465 /* Fake_E_StoreTests.swift */; };
		88289EE32B78D7E10093A465 /* Fake_E_StoreUITests.swift in Sources */ = {isa = PBXBuildFile; fileRef = 88289EE22B78D7E10093A465 /* Fake_E_StoreUITests.swift */; };
		88289EE52B78D7E10093A465 /* Fake_E_StoreUITestsLaunchTests.swift in Sources */ = {isa = PBXBuildFile; fileRef = 88289EE42B78D7E10093A465 /* Fake_E_StoreUITestsLaunchTests.swift */; };
		88289EFD2B78D9060093A465 /* ProductModel.swift in Sources */ = {isa = PBXBuildFile; fileRef = 88289EFC2B78D9060093A465 /* ProductModel.swift */; };
		88289EFF2B78DA250093A465 /* NetworkManager.swift in Sources */ = {isa = PBXBuildFile; fileRef = 88289EFE2B78DA250093A465 /* NetworkManager.swift */; };
		88289F012B791DA60093A465 /* Constant.swift in Sources */ = {isa = PBXBuildFile; fileRef = 88289F002B791DA60093A465 /* Constant.swift */; };
		88289F032B79237E0093A465 /* ProductViewController.swift in Sources */ = {isa = PBXBuildFile; fileRef = 88289F022B79237E0093A465 /* ProductViewController.swift */; };
		88289F052B7923DE0093A465 /* ProductViewModel.swift in Sources */ = {isa = PBXBuildFile; fileRef = 88289F042B7923DE0093A465 /* ProductViewModel.swift */; };
/* End PBXBuildFile section */

/* Begin PBXContainerItemProxy section */
		88289ED52B78D7E10093A465 /* PBXContainerItemProxy */ = {
			isa = PBXContainerItemProxy;
			containerPortal = 88289EB62B78D7DF0093A465 /* Project object */;
			proxyType = 1;
			remoteGlobalIDString = 88289EBD2B78D7DF0093A465;
			remoteInfo = "Fake E Store";
		};
		88289EDF2B78D7E10093A465 /* PBXContainerItemProxy */ = {
			isa = PBXContainerItemProxy;
			containerPortal = 88289EB62B78D7DF0093A465 /* Project object */;
			proxyType = 1;
			remoteGlobalIDString = 88289EBD2B78D7DF0093A465;
			remoteInfo = "Fake E Store";
		};
/* End PBXContainerItemProxy section */

/* Begin PBXFileReference section */
		88289EBE2B78D7DF0093A465 /* Fake E Store.app */ = {isa = PBXFileReference; explicitFileType = wrapper.application; includeInIndex = 0; path = "Fake E Store.app"; sourceTree = BUILT_PRODUCTS_DIR; };
		88289EC12B78D7DF0093A465 /* AppDelegate.swift */ = {isa = PBXFileReference; lastKnownFileType = sourcecode.swift; path = AppDelegate.swift; sourceTree = "<group>"; };
		88289EC32B78D7DF0093A465 /* SceneDelegate.swift */ = {isa = PBXFileReference; lastKnownFileType = sourcecode.swift; path = SceneDelegate.swift; sourceTree = "<group>"; };
		88289EC82B78D7E00093A465 /* Base */ = {isa = PBXFileReference; lastKnownFileType = file.storyboard; name = Base; path = Base.lproj/Main.storyboard; sourceTree = "<group>"; };
		88289ECA2B78D7E10093A465 /* Assets.xcassets */ = {isa = PBXFileReference; lastKnownFileType = folder.assetcatalog; path = Assets.xcassets; sourceTree = "<group>"; };
		88289ECD2B78D7E10093A465 /* Base */ = {isa = PBXFileReference; lastKnownFileType = file.storyboard; name = Base; path = Base.lproj/LaunchScreen.storyboard; sourceTree = "<group>"; };
		88289ECF2B78D7E10093A465 /* Info.plist */ = {isa = PBXFileReference; lastKnownFileType = text.plist.xml; path = Info.plist; sourceTree = "<group>"; };
		88289ED42B78D7E10093A465 /* Fake E StoreTests.xctest */ = {isa = PBXFileReference; explicitFileType = wrapper.cfbundle; includeInIndex = 0; path = "Fake E StoreTests.xctest"; sourceTree = BUILT_PRODUCTS_DIR; };
		88289ED82B78D7E10093A465 /* Fake_E_StoreTests.swift */ = {isa = PBXFileReference; lastKnownFileType = sourcecode.swift; path = Fake_E_StoreTests.swift; sourceTree = "<group>"; };
		88289EDE2B78D7E10093A465 /* Fake E StoreUITests.xctest */ = {isa = PBXFileReference; explicitFileType = wrapper.cfbundle; includeInIndex = 0; path = "Fake E StoreUITests.xctest"; sourceTree = BUILT_PRODUCTS_DIR; };
		88289EE22B78D7E10093A465 /* Fake_E_StoreUITests.swift */ = {isa = PBXFileReference; lastKnownFileType = sourcecode.swift; path = Fake_E_StoreUITests.swift; sourceTree = "<group>"; };
		88289EE42B78D7E10093A465 /* Fake_E_StoreUITestsLaunchTests.swift */ = {isa = PBXFileReference; lastKnownFileType = sourcecode.swift; path = Fake_E_StoreUITestsLaunchTests.swift; sourceTree = "<group>"; };
		88289EFC2B78D9060093A465 /* ProductModel.swift */ = {isa = PBXFileReference; lastKnownFileType = sourcecode.swift; path = ProductModel.swift; sourceTree = "<group>"; };
		88289EFE2B78DA250093A465 /* NetworkManager.swift */ = {isa = PBXFileReference; lastKnownFileType = sourcecode.swift; path = NetworkManager.swift; sourceTree = "<group>"; };
		88289F002B791DA60093A465 /* Constant.swift */ = {isa = PBXFileReference; lastKnownFileType = sourcecode.swift; path = Constant.swift; sourceTree = "<group>"; };
		88289F022B79237E0093A465 /* ProductViewController.swift */ = {isa = PBXFileReference; lastKnownFileType = sourcecode.swift; path = ProductViewController.swift; sourceTree = "<group>"; };
		88289F042B7923DE0093A465 /* ProductViewModel.swift */ = {isa = PBXFileReference; lastKnownFileType = sourcecode.swift; path = ProductViewModel.swift; sourceTree = "<group>"; };
/* End PBXFileReference section */

/* Begin PBXFrameworksBuildPhase section */
		88289EBB2B78D7DF0093A465 /* Frameworks */ = {
			isa = PBXFrameworksBuildPhase;
			buildActionMask = 2147483647;
			files = (
			);
			runOnlyForDeploymentPostprocessing = 0;
		};
		88289ED12B78D7E10093A465 /* Frameworks */ = {
			isa = PBXFrameworksBuildPhase;
			buildActionMask = 2147483647;
			files = (
			);
			runOnlyForDeploymentPostprocessing = 0;
		};
		88289EDB2B78D7E10093A465 /* Frameworks */ = {
			isa = PBXFrameworksBuildPhase;
			buildActionMask = 2147483647;
			files = (
			);
			runOnlyForDeploymentPostprocessing = 0;
		};
/* End PBXFrameworksBuildPhase section */

/* Begin PBXGroup section */
		88289EB52B78D7DF0093A465 = {
			isa = PBXGroup;
			children = (
				88289EC02B78D7DF0093A465 /* Fake E Store */,
				88289ED72B78D7E10093A465 /* Fake E StoreTests */,
				88289EE12B78D7E10093A465 /* Fake E StoreUITests */,
				88289EBF2B78D7DF0093A465 /* Products */,
			);
			sourceTree = "<group>";
		};
		88289EBF2B78D7DF0093A465 /* Products */ = {
			isa = PBXGroup;
			children = (
				88289EBE2B78D7DF0093A465 /* Fake E Store.app */,
				88289ED42B78D7E10093A465 /* Fake E StoreTests.xctest */,
				88289EDE2B78D7E10093A465 /* Fake E StoreUITests.xctest */,
			);
			name = Products;
			sourceTree = "<group>";
		};
		88289EC02B78D7DF0093A465 /* Fake E Store */ = {
			isa = PBXGroup;
			children = (
				88289EF12B78D7FC0093A465 /* Application */,
				88289EF52B78D83C0093A465 /* Extension */,
				88289EF22B78D8130093A465 /* Constants */,
				88289EF62B78D8480093A465 /* Helper */,
				88289EF72B78D85A0093A465 /* Screens */,
				88289EF82B78D8620093A465 /* Storyboard */,
				88289EF42B78D8310093A465 /* Resources */,
				88289ECA2B78D7E10093A465 /* Assets.xcassets */,
				88289ECF2B78D7E10093A465 /* Info.plist */,
			);
			path = "Fake E Store";
			sourceTree = "<group>";
		};
		88289ED72B78D7E10093A465 /* Fake E StoreTests */ = {
			isa = PBXGroup;
			children = (
				88289ED82B78D7E10093A465 /* Fake_E_StoreTests.swift */,
			);
			path = "Fake E StoreTests";
			sourceTree = "<group>";
		};
		88289EE12B78D7E10093A465 /* Fake E StoreUITests */ = {
			isa = PBXGroup;
			children = (
				88289EE22B78D7E10093A465 /* Fake_E_StoreUITests.swift */,
				88289EE42B78D7E10093A465 /* Fake_E_StoreUITestsLaunchTests.swift */,
			);
			path = "Fake E StoreUITests";
			sourceTree = "<group>";
		};
		88289EF12B78D7FC0093A465 /* Application */ = {
			isa = PBXGroup;
			children = (
				88289EC12B78D7DF0093A465 /* AppDelegate.swift */,
				88289EC32B78D7DF0093A465 /* SceneDelegate.swift */,
			);
			name = Application;
			sourceTree = "<group>";
		};
		88289EF22B78D8130093A465 /* Constants */ = {
			isa = PBXGroup;
			children = (
				88289F002B791DA60093A465 /* Constant.swift */,
			);
			name = Constants;
			sourceTree = "<group>";
		};
		88289EF42B78D8310093A465 /* Resources */ = {
			isa = PBXGroup;
			children = (
			);
			name = Resources;
			sourceTree = "<group>";
		};
		88289EF52B78D83C0093A465 /* Extension */ = {
			isa = PBXGroup;
			children = (
			);
			name = Extension;
			sourceTree = "<group>";
		};
		88289EF62B78D8480093A465 /* Helper */ = {
			isa = PBXGroup;
			children = (
				88289EFE2B78DA250093A465 /* NetworkManager.swift */,
			);
			name = Helper;
			sourceTree = "<group>";
		};
		88289EF72B78D85A0093A465 /* Screens */ = {
			isa = PBXGroup;
			children = (
				88289EF92B78D8D10093A465 /* Model */,
				88289EFA2B78D8D70093A465 /* View */,
				88289EFB2B78D8DC0093A465 /* ViewModel */,
			);
			name = Screens;
			sourceTree = "<group>";
		};
		88289EF82B78D8620093A465 /* Storyboard */ = {
			isa = PBXGroup;
			children = (
				88289EC72B78D7E00093A465 /* Main.storyboard */,
				88289ECC2B78D7E10093A465 /* LaunchScreen.storyboard */,
			);
			name = Storyboard;
			sourceTree = "<group>";
		};
		88289EF92B78D8D10093A465 /* Model */ = {
			isa = PBXGroup;
			children = (
				88289EFC2B78D9060093A465 /* ProductModel.swift */,
			);
			name = Model;
			sourceTree = "<group>";
		};
		88289EFA2B78D8D70093A465 /* View */ = {
			isa = PBXGroup;
			children = (
				88289F022B79237E0093A465 /* ProductViewController.swift */,
			);
			name = View;
			sourceTree = "<group>";
		};
		88289EFB2B78D8DC0093A465 /* ViewModel */ = {
			isa = PBXGroup;
			children = (
				88289F042B7923DE0093A465 /* ProductViewModel.swift */,
			);
			name = ViewModel;
			sourceTree = "<group>";
		};
/* End PBXGroup section */

/* Begin PBXNativeTarget section */
		88289EBD2B78D7DF0093A465 /* Fake E Store */ = {
			isa = PBXNativeTarget;
			buildConfigurationList = 88289EE82B78D7E10093A465 /* Build configuration list for PBXNativeTarget "Fake E Store" */;
			buildPhases = (
				88289EBA2B78D7DF0093A465 /* Sources */,
				88289EBB2B78D7DF0093A465 /* Frameworks */,
				88289EBC2B78D7DF0093A465 /* Resources */,
			);
			buildRules = (
			);
			dependencies = (
			);
			name = "Fake E Store";
			productName = "Fake E Store";
			productReference = 88289EBE2B78D7DF0093A465 /* Fake E Store.app */;
			productType = "com.apple.product-type.application";
		};
		88289ED32B78D7E10093A465 /* Fake E StoreTests */ = {
			isa = PBXNativeTarget;
			buildConfigurationList = 88289EEB2B78D7E10093A465 /* Build configuration list for PBXNativeTarget "Fake E StoreTests" */;
			buildPhases = (
				88289ED02B78D7E10093A465 /* Sources */,
				88289ED12B78D7E10093A465 /* Frameworks */,
				88289ED22B78D7E10093A465 /* Resources */,
			);
			buildRules = (
			);
			dependencies = (
				88289ED62B78D7E10093A465 /* PBXTargetDependency */,
			);
			name = "Fake E StoreTests";
			productName = "Fake E StoreTests";
			productReference = 88289ED42B78D7E10093A465 /* Fake E StoreTests.xctest */;
			productType = "com.apple.product-type.bundle.unit-test";
		};
		88289EDD2B78D7E10093A465 /* Fake E StoreUITests */ = {
			isa = PBXNativeTarget;
			buildConfigurationList = 88289EEE2B78D7E10093A465 /* Build configuration list for PBXNativeTarget "Fake E StoreUITests" */;
			buildPhases = (
				88289EDA2B78D7E10093A465 /* Sources */,
				88289EDB2B78D7E10093A465 /* Frameworks */,
				88289EDC2B78D7E10093A465 /* Resources */,
			);
			buildRules = (
			);
			dependencies = (
				88289EE02B78D7E10093A465 /* PBXTargetDependency */,
			);
			name = "Fake E StoreUITests";
			productName = "Fake E StoreUITests";
			productReference = 88289EDE2B78D7E10093A465 /* Fake E StoreUITests.xctest */;
			productType = "com.apple.product-type.bundle.ui-testing";
		};
/* End PBXNativeTarget section */

/* Begin PBXProject section */
		88289EB62B78D7DF0093A465 /* Project object */ = {
			isa = PBXProject;
			attributes = {
				BuildIndependentTargetsInParallel = 1;
				LastSwiftUpdateCheck = 1500;
				LastUpgradeCheck = 1500;
				TargetAttributes = {
					88289EBD2B78D7DF0093A465 = {
						CreatedOnToolsVersion = 15.0.1;
					};
					88289ED32B78D7E10093A465 = {
						CreatedOnToolsVersion = 15.0.1;
						TestTargetID = 88289EBD2B78D7DF0093A465;
					};
					88289EDD2B78D7E10093A465 = {
						CreatedOnToolsVersion = 15.0.1;
						TestTargetID = 88289EBD2B78D7DF0093A465;
					};
				};
			};
			buildConfigurationList = 88289EB92B78D7DF0093A465 /* Build configuration list for PBXProject "Fake E Store" */;
			compatibilityVersion = "Xcode 14.0";
			developmentRegion = en;
			hasScannedForEncodings = 0;
			knownRegions = (
				en,
				Base,
			);
			mainGroup = 88289EB52B78D7DF0093A465;
			productRefGroup = 88289EBF2B78D7DF0093A465 /* Products */;
			projectDirPath = "";
			projectRoot = "";
			targets = (
				88289EBD2B78D7DF0093A465 /* Fake E Store */,
				88289ED32B78D7E10093A465 /* Fake E StoreTests */,
				88289EDD2B78D7E10093A465 /* Fake E StoreUITests */,
			);
		};
/* End PBXProject section */

/* Begin PBXResourcesBuildPhase section */
		88289EBC2B78D7DF0093A465 /* Resources */ = {
			isa = PBXResourcesBuildPhase;
			buildActionMask = 2147483647;
			files = (
				88289ECE2B78D7E10093A465 /* LaunchScreen.storyboard in Resources */,
				88289ECB2B78D7E10093A465 /* Assets.xcassets in Resources */,
				88289EC92B78D7E00093A465 /* Main.storyboard in Resources */,
			);
			runOnlyForDeploymentPostprocessing = 0;
		};
		88289ED22B78D7E10093A465 /* Resources */ = {
			isa = PBXResourcesBuildPhase;
			buildActionMask = 2147483647;
			files = (
			);
			runOnlyForDeploymentPostprocessing = 0;
		};
		88289EDC2B78D7E10093A465 /* Resources */ = {
			isa = PBXResourcesBuildPhase;
			buildActionMask = 2147483647;
			files = (
			);
			runOnlyForDeploymentPostprocessing = 0;
		};
/* End PBXResourcesBuildPhase section */

/* Begin PBXSourcesBuildPhase section */
		88289EBA2B78D7DF0093A465 /* Sources */ = {
			isa = PBXSourcesBuildPhase;
			buildActionMask = 2147483647;
			files = (
				88289F052B7923DE0093A465 /* ProductViewModel.swift in Sources */,
				88289F032B79237E0093A465 /* ProductViewController.swift in Sources */,
				88289EFF2B78DA250093A465 /* NetworkManager.swift in Sources */,
				88289EC22B78D7DF0093A465 /* AppDelegate.swift in Sources */,
				88289F012B791DA60093A465 /* Constant.swift in Sources */,
				88289EFD2B78D9060093A465 /* ProductModel.swift in Sources */,
				88289EC42B78D7DF0093A465 /* SceneDelegate.swift in Sources */,
			);
			runOnlyForDeploymentPostprocessing = 0;
		};
		88289ED02B78D7E10093A465 /* Sources */ = {
			isa = PBXSourcesBuildPhase;
			buildActionMask = 2147483647;
			files = (
				88289ED92B78D7E10093A465 /* Fake_E_StoreTests.swift in Sources */,
			);
			runOnlyForDeploymentPostprocessing = 0;
		};
		88289EDA2B78D7E10093A465 /* Sources */ = {
			isa = PBXSourcesBuildPhase;
			buildActionMask = 2147483647;
			files = (
				88289EE32B78D7E10093A465 /* Fake_E_StoreUITests.swift in Sources */,
				88289EE52B78D7E10093A465 /* Fake_E_StoreUITestsLaunchTests.swift in Sources */,
			);
			runOnlyForDeploymentPostprocessing = 0;
		};
/* End PBXSourcesBuildPhase section */

/* Begin PBXTargetDependency section */
		88289ED62B78D7E10093A465 /* PBXTargetDependency */ = {
			isa = PBXTargetDependency;
			target = 88289EBD2B78D7DF0093A465 /* Fake E Store */;
			targetProxy = 88289ED52B78D7E10093A465 /* PBXContainerItemProxy */;
		};
		88289EE02B78D7E10093A465 /* PBXTargetDependency */ = {
			isa = PBXTargetDependency;
			target = 88289EBD2B78D7DF0093A465 /* Fake E Store */;
			targetProxy = 88289EDF2B78D7E10093A465 /* PBXContainerItemProxy */;
		};
/* End PBXTargetDependency section */

/* Begin PBXVariantGroup section */
		88289EC72B78D7E00093A465 /* Main.storyboard */ = {
			isa = PBXVariantGroup;
			children = (
				88289EC82B78D7E00093A465 /* Base */,
			);
			name = Main.storyboard;
			sourceTree = "<group>";
		};
		88289ECC2B78D7E10093A465 /* LaunchScreen.storyboard */ = {
			isa = PBXVariantGroup;
			children = (
				88289ECD2B78D7E10093A465 /* Base */,
			);
			name = LaunchScreen.storyboard;
			sourceTree = "<group>";
		};
/* End PBXVariantGroup section */

/* Begin XCBuildConfiguration section */
		88289EE62B78D7E10093A465 /* Debug */ = {
			isa = XCBuildConfiguration;
			buildSettings = {
				ALWAYS_SEARCH_USER_PATHS = NO;
				ASSETCATALOG_COMPILER_GENERATE_SWIFT_ASSET_SYMBOL_EXTENSIONS = YES;
				CLANG_ANALYZER_NONNULL = YES;
				CLANG_ANALYZER_NUMBER_OBJECT_CONVERSION = YES_AGGRESSIVE;
				CLANG_CXX_LANGUAGE_STANDARD = "gnu++20";
				CLANG_ENABLE_MODULES = YES;
				CLANG_ENABLE_OBJC_ARC = YES;
				CLANG_ENABLE_OBJC_WEAK = YES;
				CLANG_WARN_BLOCK_CAPTURE_AUTORELEASING = YES;
				CLANG_WARN_BOOL_CONVERSION = YES;
				CLANG_WARN_COMMA = YES;
				CLANG_WARN_CONSTANT_CONVERSION = YES;
				CLANG_WARN_DEPRECATED_OBJC_IMPLEMENTATIONS = YES;
				CLANG_WARN_DIRECT_OBJC_ISA_USAGE = YES_ERROR;
				CLANG_WARN_DOCUMENTATION_COMMENTS = YES;
				CLANG_WARN_EMPTY_BODY = YES;
				CLANG_WARN_ENUM_CONVERSION = YES;
				CLANG_WARN_INFINITE_RECURSION = YES;
				CLANG_WARN_INT_CONVERSION = YES;
				CLANG_WARN_NON_LITERAL_NULL_CONVERSION = YES;
				CLANG_WARN_OBJC_IMPLICIT_RETAIN_SELF = YES;
				CLANG_WARN_OBJC_LITERAL_CONVERSION = YES;
				CLANG_WARN_OBJC_ROOT_CLASS = YES_ERROR;
				CLANG_WARN_QUOTED_INCLUDE_IN_FRAMEWORK_HEADER = YES;
				CLANG_WARN_RANGE_LOOP_ANALYSIS = YES;
				CLANG_WARN_STRICT_PROTOTYPES = YES;
				CLANG_WARN_SUSPICIOUS_MOVE = YES;
				CLANG_WARN_UNGUARDED_AVAILABILITY = YES_AGGRESSIVE;
				CLANG_WARN_UNREACHABLE_CODE = YES;
				CLANG_WARN__DUPLICATE_METHOD_MATCH = YES;
				COPY_PHASE_STRIP = NO;
				DEBUG_INFORMATION_FORMAT = dwarf;
				ENABLE_STRICT_OBJC_MSGSEND = YES;
				ENABLE_TESTABILITY = YES;
				ENABLE_USER_SCRIPT_SANDBOXING = YES;
				GCC_C_LANGUAGE_STANDARD = gnu17;
				GCC_DYNAMIC_NO_PIC = NO;
				GCC_NO_COMMON_BLOCKS = YES;
				GCC_OPTIMIZATION_LEVEL = 0;
				GCC_PREPROCESSOR_DEFINITIONS = (
					"DEBUG=1",
					"$(inherited)",
				);
				GCC_WARN_64_TO_32_BIT_CONVERSION = YES;
				GCC_WARN_ABOUT_RETURN_TYPE = YES_ERROR;
				GCC_WARN_UNDECLARED_SELECTOR = YES;
				GCC_WARN_UNINITIALIZED_AUTOS = YES_AGGRESSIVE;
				GCC_WARN_UNUSED_FUNCTION = YES;
				GCC_WARN_UNUSED_VARIABLE = YES;
				IPHONEOS_DEPLOYMENT_TARGET = 17.0;
				LOCALIZATION_PREFERS_STRING_CATALOGS = YES;
				MTL_ENABLE_DEBUG_INFO = INCLUDE_SOURCE;
				MTL_FAST_MATH = YES;
				ONLY_ACTIVE_ARCH = YES;
				SDKROOT = iphoneos;
				SWIFT_ACTIVE_COMPILATION_CONDITIONS = "DEBUG $(inherited)";
				SWIFT_OPTIMIZATION_LEVEL = "-Onone";
			};
			name = Debug;
		};
		88289EE72B78D7E10093A465 /* Release */ = {
			isa = XCBuildConfiguration;
			buildSettings = {
				ALWAYS_SEARCH_USER_PATHS = NO;
				ASSETCATALOG_COMPILER_GENERATE_SWIFT_ASSET_SYMBOL_EXTENSIONS = YES;
				CLANG_ANALYZER_NONNULL = YES;
				CLANG_ANALYZER_NUMBER_OBJECT_CONVERSION = YES_AGGRESSIVE;
				CLANG_CXX_LANGUAGE_STANDARD = "gnu++20";
				CLANG_ENABLE_MODULES = YES;
				CLANG_ENABLE_OBJC_ARC = YES;
				CLANG_ENABLE_OBJC_WEAK = YES;
				CLANG_WARN_BLOCK_CAPTURE_AUTORELEASING = YES;
				CLANG_WARN_BOOL_CONVERSION = YES;
				CLANG_WARN_COMMA = YES;
				CLANG_WARN_CONSTANT_CONVERSION = YES;
				CLANG_WARN_DEPRECATED_OBJC_IMPLEMENTATIONS = YES;
				CLANG_WARN_DIRECT_OBJC_ISA_USAGE = YES_ERROR;
				CLANG_WARN_DOCUMENTATION_COMMENTS = YES;
				CLANG_WARN_EMPTY_BODY = YES;
				CLANG_WARN_ENUM_CONVERSION = YES;
				CLANG_WARN_INFINITE_RECURSION = YES;
				CLANG_WARN_INT_CONVERSION = YES;
				CLANG_WARN_NON_LITERAL_NULL_CONVERSION = YES;
				CLANG_WARN_OBJC_IMPLICIT_RETAIN_SELF = YES;
				CLANG_WARN_OBJC_LITERAL_CONVERSION = YES;
				CLANG_WARN_OBJC_ROOT_CLASS = YES_ERROR;
				CLANG_WARN_QUOTED_INCLUDE_IN_FRAMEWORK_HEADER = YES;
				CLANG_WARN_RANGE_LOOP_ANALYSIS = YES;
				CLANG_WARN_STRICT_PROTOTYPES = YES;
				CLANG_WARN_SUSPICIOUS_MOVE = YES;
				CLANG_WARN_UNGUARDED_AVAILABILITY = YES_AGGRESSIVE;
				CLANG_WARN_UNREACHABLE_CODE = YES;
				CLANG_WARN__DUPLICATE_METHOD_MATCH = YES;
				COPY_PHASE_STRIP = NO;
				DEBUG_INFORMATION_FORMAT = "dwarf-with-dsym";
				ENABLE_NS_ASSERTIONS = NO;
				ENABLE_STRICT_OBJC_MSGSEND = YES;
				ENABLE_USER_SCRIPT_SANDBOXING = YES;
				GCC_C_LANGUAGE_STANDARD = gnu17;
				GCC_NO_COMMON_BLOCKS = YES;
				GCC_WARN_64_TO_32_BIT_CONVERSION = YES;
				GCC_WARN_ABOUT_RETURN_TYPE = YES_ERROR;
				GCC_WARN_UNDECLARED_SELECTOR = YES;
				GCC_WARN_UNINITIALIZED_AUTOS = YES_AGGRESSIVE;
				GCC_WARN_UNUSED_FUNCTION = YES;
				GCC_WARN_UNUSED_VARIABLE = YES;
				IPHONEOS_DEPLOYMENT_TARGET = 17.0;
				LOCALIZATION_PREFERS_STRING_CATALOGS = YES;
				MTL_ENABLE_DEBUG_INFO = NO;
				MTL_FAST_MATH = YES;
				SDKROOT = iphoneos;
				SWIFT_COMPILATION_MODE = wholemodule;
				VALIDATE_PRODUCT = YES;
			};
			name = Release;
		};
		88289EE92B78D7E10093A465 /* Debug */ = {
			isa = XCBuildConfiguration;
			buildSettings = {
				ASSETCATALOG_COMPILER_APPICON_NAME = AppIcon;
				ASSETCATALOG_COMPILER_GLOBAL_ACCENT_COLOR_NAME = AccentColor;
				CODE_SIGN_STYLE = Automatic;
				CURRENT_PROJECT_VERSION = 1;
				GENERATE_INFOPLIST_FILE = YES;
				INFOPLIST_FILE = "Fake E Store/Info.plist";
				INFOPLIST_KEY_UIApplicationSupportsIndirectInputEvents = YES;
				INFOPLIST_KEY_UILaunchStoryboardName = LaunchScreen;
				INFOPLIST_KEY_UIMainStoryboardFile = Main;
				INFOPLIST_KEY_UISupportedInterfaceOrientations_iPad = "UIInterfaceOrientationPortrait UIInterfaceOrientationPortraitUpsideDown UIInterfaceOrientationLandscapeLeft UIInterfaceOrientationLandscapeRight";
				INFOPLIST_KEY_UISupportedInterfaceOrientations_iPhone = "UIInterfaceOrientationPortrait UIInterfaceOrientationLandscapeLeft UIInterfaceOrientationLandscapeRight";
				LD_RUNPATH_SEARCH_PATHS = (
					"$(inherited)",
					"@executable_path/Frameworks",
				);
				MARKETING_VERSION = 1.0;
				PRODUCT_BUNDLE_IDENTIFIER = "com.aniket.Fake-E-Store";
				PRODUCT_NAME = "$(TARGET_NAME)";
				SWIFT_EMIT_LOC_STRINGS = YES;
				SWIFT_VERSION = 5.0;
				TARGETED_DEVICE_FAMILY = "1,2";
			};
			name = Debug;
		};
		88289EEA2B78D7E10093A465 /* Release */ = {
			isa = XCBuildConfiguration;
			buildSettings = {
				ASSETCATALOG_COMPILER_APPICON_NAME = AppIcon;
				ASSETCATALOG_COMPILER_GLOBAL_ACCENT_COLOR_NAME = AccentColor;
				CODE_SIGN_STYLE = Automatic;
				CURRENT_PROJECT_VERSION = 1;
				GENERATE_INFOPLIST_FILE = YES;
				INFOPLIST_FILE = "Fake E Store/Info.plist";
				INFOPLIST_KEY_UIApplicationSupportsIndirectInputEvents = YES;
				INFOPLIST_KEY_UILaunchStoryboardName = LaunchScreen;
				INFOPLIST_KEY_UIMainStoryboardFile = Main;
				INFOPLIST_KEY_UISupportedInterfaceOrientations_iPad = "UIInterfaceOrientationPortrait UIInterfaceOrientationPortraitUpsideDown UIInterfaceOrientationLandscapeLeft UIInterfaceOrientationLandscapeRight";
				INFOPLIST_KEY_UISupportedInterfaceOrientations_iPhone = "UIInterfaceOrientationPortrait UIInterfaceOrientationLandscapeLeft UIInterfaceOrientationLandscapeRight";
				LD_RUNPATH_SEARCH_PATHS = (
					"$(inherited)",
					"@executable_path/Frameworks",
				);
				MARKETING_VERSION = 1.0;
				PRODUCT_BUNDLE_IDENTIFIER = "com.aniket.Fake-E-Store";
				PRODUCT_NAME = "$(TARGET_NAME)";
				SWIFT_EMIT_LOC_STRINGS = YES;
				SWIFT_VERSION = 5.0;
				TARGETED_DEVICE_FAMILY = "1,2";
			};
			name = Release;
		};
		88289EEC2B78D7E10093A465 /* Debug */ = {
			isa = XCBuildConfiguration;
			buildSettings = {
				ALWAYS_EMBED_SWIFT_STANDARD_LIBRARIES = YES;
				BUNDLE_LOADER = "$(TEST_HOST)";
				CODE_SIGN_STYLE = Automatic;
				CURRENT_PROJECT_VERSION = 1;
				GENERATE_INFOPLIST_FILE = YES;
				IPHONEOS_DEPLOYMENT_TARGET = 17.0;
				MARKETING_VERSION = 1.0;
				PRODUCT_BUNDLE_IDENTIFIER = "com.aniket.Fake-E-StoreTests";
				PRODUCT_NAME = "$(TARGET_NAME)";
				SWIFT_EMIT_LOC_STRINGS = NO;
				SWIFT_VERSION = 5.0;
				TARGETED_DEVICE_FAMILY = "1,2";
				TEST_HOST = "$(BUILT_PRODUCTS_DIR)/Fake E Store.app/$(BUNDLE_EXECUTABLE_FOLDER_PATH)/Fake E Store";
			};
			name = Debug;
		};
		88289EED2B78D7E10093A465 /* Release */ = {
			isa = XCBuildConfiguration;
			buildSettings = {
				ALWAYS_EMBED_SWIFT_STANDARD_LIBRARIES = YES;
				BUNDLE_LOADER = "$(TEST_HOST)";
				CODE_SIGN_STYLE = Automatic;
				CURRENT_PROJECT_VERSION = 1;
				GENERATE_INFOPLIST_FILE = YES;
				IPHONEOS_DEPLOYMENT_TARGET = 17.0;
				MARKETING_VERSION = 1.0;
				PRODUCT_BUNDLE_IDENTIFIER = "com.aniket.Fake-E-StoreTests";
				PRODUCT_NAME = "$(TARGET_NAME)";
				SWIFT_EMIT_LOC_STRINGS = NO;
				SWIFT_VERSION = 5.0;
				TARGETED_DEVICE_FAMILY = "1,2";
				TEST_HOST = "$(BUILT_PRODUCTS_DIR)/Fake E Store.app/$(BUNDLE_EXECUTABLE_FOLDER_PATH)/Fake E Store";
			};
			name = Release;
		};
		88289EEF2B78D7E10093A465 /* Debug */ = {
			isa = XCBuildConfiguration;
			buildSettings = {
				ALWAYS_EMBED_SWIFT_STANDARD_LIBRARIES = YES;
				CODE_SIGN_STYLE = Automatic;
				CURRENT_PROJECT_VERSION = 1;
				GENERATE_INFOPLIST_FILE = YES;
				MARKETING_VERSION = 1.0;
				PRODUCT_BUNDLE_IDENTIFIER = "com.aniket.Fake-E-StoreUITests";
				PRODUCT_NAME = "$(TARGET_NAME)";
				SWIFT_EMIT_LOC_STRINGS = NO;
				SWIFT_VERSION = 5.0;
				TARGETED_DEVICE_FAMILY = "1,2";
				TEST_TARGET_NAME = "Fake E Store";
			};
			name = Debug;
		};
		88289EF02B78D7E10093A465 /* Release */ = {
			isa = XCBuildConfiguration;
			buildSettings = {
				ALWAYS_EMBED_SWIFT_STANDARD_LIBRARIES = YES;
				CODE_SIGN_STYLE = Automatic;
				CURRENT_PROJECT_VERSION = 1;
				GENERATE_INFOPLIST_FILE = YES;
				MARKETING_VERSION = 1.0;
				PRODUCT_BUNDLE_IDENTIFIER = "com.aniket.Fake-E-StoreUITests";
				PRODUCT_NAME = "$(TARGET_NAME)";
				SWIFT_EMIT_LOC_STRINGS = NO;
				SWIFT_VERSION = 5.0;
				TARGETED_DEVICE_FAMILY = "1,2";
				TEST_TARGET_NAME = "Fake E Store";
			};
			name = Release;
		};
/* End XCBuildConfiguration section */

/* Begin XCConfigurationList section */
		88289EB92B78D7DF0093A465 /* Build configuration list for PBXProject "Fake E Store" */ = {
			isa = XCConfigurationList;
			buildConfigurations = (
				88289EE62B78D7E10093A465 /* Debug */,
				88289EE72B78D7E10093A465 /* Release */,
			);
			defaultConfigurationIsVisible = 0;
			defaultConfigurationName = Release;
		};
		88289EE82B78D7E10093A465 /* Build configuration list for PBXNativeTarget "Fake E Store" */ = {
			isa = XCConfigurationList;
			buildConfigurations = (
				88289EE92B78D7E10093A465 /* Debug */,
				88289EEA2B78D7E10093A465 /* Release */,
			);
			defaultConfigurationIsVisible = 0;
			defaultConfigurationName = Release;
		};
		88289EEB2B78D7E10093A465 /* Build configuration list for PBXNativeTarget "Fake E StoreTests" */ = {
			isa = XCConfigurationList;
			buildConfigurations = (
				88289EEC2B78D7E10093A465 /* Debug */,
				88289EED2B78D7E10093A465 /* Release */,
			);
			defaultConfigurationIsVisible = 0;
			defaultConfigurationName = Release;
		};
		88289EEE2B78D7E10093A465 /* Build configuration list for PBXNativeTarget "Fake E StoreUITests" */ = {
			isa = XCConfigurationList;
			buildConfigurations = (
				88289EEF2B78D7E10093A465 /* Debug */,
				88289EF02B78D7E10093A465 /* Release */,
			);
			defaultConfigurationIsVisible = 0;
			defaultConfigurationName = Release;
		};
/* End XCConfigurationList section */
	};
	rootObject = 88289EB62B78D7DF0093A465 /* Project object */;
}
